
Microsoft Visual Studio Solution File, Format Version 12.00
# Visual Studio Version 16
VisualStudioVersion = 16.0.30907.101
MinimumVisualStudioVersion = 10.0.40219.1
Project("{9A19103F-16F7-4668-BE54-9A1E7A4F7556}") = "DatabaseTraceAnalysis", "DatabaseTraceAnalysis\DatabaseTraceAnalysis.csproj", "{ECD0A09B-BBDD-4F62-8200-928C454CA236}"
EndProject
Project("{FAE04EC0-301F-11D3-BF4B-00C04F79EFBC}") = "KafkaTriggerApp", "KafkaTriggerApp\KafkaTriggerApp.csproj", "{C981CEC6-4742-49C0-91FD-A13756D6FC49}"
EndProject
Global
	GlobalSection(SolutionConfigurationPlatforms) = preSolution
		Debug|Any CPU = Debug|Any CPU
		Release|Any CPU = Release|Any CPU
	EndGlobalSection
	GlobalSection(ProjectConfigurationPlatforms) = postSolution
		{ECD0A09B-BBDD-4F62-8200-928C454CA236}.Debug|Any CPU.ActiveCfg = Debug|Any CPU
		{ECD0A09B-BBDD-4F62-8200-928C454CA236}.Debug|Any CPU.Build.0 = Debug|Any CPU
		{ECD0A09B-BBDD-4F62-8200-928C454CA236}.Release|Any CPU.ActiveCfg = Release|Any CPU
		{ECD0A09B-BBDD-4F62-8200-928C454CA236}.Release|Any CPU.Build.0 = Release|Any CPU
		{C981CEC6-4742-49C0-91FD-A13756D6FC49}.Debug|Any CPU.ActiveCfg = Debug|Any CPU
		{C981CEC6-4742-49C0-91FD-A13756D6FC49}.Debug|Any CPU.Build.0 = Debug|Any CPU
		{C981CEC6-4742-49C0-91FD-A13756D6FC49}.Release|Any CPU.ActiveCfg = Release|Any CPU
		{C981CEC6-4742-49C0-91FD-A13756D6FC49}.Release|Any CPU.Build.0 = Release|Any CPU
	EndGlobalSection
	GlobalSection(SolutionProperties) = preSolution
		HideSolutionNode = FALSE
	EndGlobalSection
	GlobalSection(ExtensibilityGlobals) = postSolution
		SolutionGuid = {EE126B3A-EE2C-40AE-B6F3-DFDEBA4DCED9}
	EndGlobalSection
EndGlobal
